{
  "name": "rte-demo",
  "version": "1.0.0",
  "lockfileVersion": 3,
  "requires": true,
  "packages": {
    "": {
      "name": "rte-demo",
      "version": "1.0.0",
      "dependencies": {
        "rte-package": "file:../rte-package"
      }
    },
    "../rte-package": {},
    "node_modules/rte-package": {
      "resolved": "../rte-package",
      "link": true
    }
  }
}
